
Microsoft Visual Studio Solution File, Format Version 12.00
Project("{FAE04EC0-301F-11D3-BF4B-00C04F79EFBC}") = "PageObjects", "PageObjects\PageObjects.csproj", "{81E78715-7CDA-4315-89C3-E636302AD71A}"
EndProject
Project("{FAE04EC0-301F-11D3-BF4B-00C04F79EFBC}") = "Tests", "Tests\Tests.csproj", "{F44536C8-41A7-4C7E-B1C8-DDDBDC2BB9DA}"
EndProject
Global
	GlobalSection(SolutionConfigurationPlatforms) = preSolution
		Debug|Any CPU = Debug|Any CPU
		Release|Any CPU = Release|Any CPU
	EndGlobalSection
	GlobalSection(ProjectConfigurationPlatforms) = postSolution
		{81E78715-7CDA-4315-89C3-E636302AD71A}.Debug|Any CPU.ActiveCfg = Debug|Any CPU
		{81E78715-7CDA-4315-89C3-E636302AD71A}.Debug|Any CPU.Build.0 = Debug|Any CPU
		{81E78715-7CDA-4315-89C3-E636302AD71A}.Release|Any CPU.ActiveCfg = Release|Any CPU
		{81E78715-7CDA-4315-89C3-E636302AD71A}.Release|Any CPU.Build.0 = Release|Any CPU
		{F44536C8-41A7-4C7E-B1C8-DDDBDC2BB9DA}.Debug|Any CPU.ActiveCfg = Debug|Any CPU
		{F44536C8-41A7-4C7E-B1C8-DDDBDC2BB9DA}.Debug|Any CPU.Build.0 = Debug|Any CPU
		{F44536C8-41A7-4C7E-B1C8-DDDBDC2BB9DA}.Release|Any CPU.ActiveCfg = Release|Any CPU
		{F44536C8-41A7-4C7E-B1C8-DDDBDC2BB9DA}.Release|Any CPU.Build.0 = Release|Any CPU
	EndGlobalSection
EndGlobal
